PODS:
  - ActionSheetPicker-3.0 (2.3.0)
  - AFNetworking (3.2.1):
    - AFNetworking/NSURLSession (= 3.2.1)
    - AFNetworking/Reachability (= 3.2.1)
    - AFNetworking/Security (= 3.2.1)
    - AFNetworking/Serialization (= 3.2.1)
    - AFNetworking/UIKit (= 3.2.1)
  - AFNetworking/NSURLSession (3.2.1):
    - AFNetworking/Reachability
    - AFNetworking/Security
    - AFNetworking/Serialization
  - AFNetworking/Reachability (3.2.1)
  - AFNetworking/Security (3.2.1)
  - AFNetworking/Serialization (3.2.1)
  - AFNetworking/UIKit (3.2.1):
    - AFNetworking/NSURLSession
  - BSBacktraceLogger (0.0.1)
  - CocoaLumberjack (3.6.1):
    - CocoaLumberjack/Core (= 3.6.1)
  - CocoaLumberjack/Core (3.6.1)
  - CYLTabBarController (1.17.23)
  - DoraemonKit/Core (2.0.0):
    - BSBacktraceLogger
    - fishhook
  - DoraemonKit/WithDatabase (2.0.0):
    - BSBacktraceLogger
    - DoraemonKit/Core
    - fishhook
    - YYDebugDatabase
  - DoraemonKit/WithGPS (2.0.0):
    - BSBacktraceLogger
    - DoraemonKit/Core
    - fishhook
  - DoraemonKit/WithLoad (2.0.0):
    - BSBacktraceLogger
    - DoraemonKit/Core
    - fishhook
  - DoraemonKit/WithLogger (2.0.0):
    - BSBacktraceLogger
    - CocoaLumberjack
    - DoraemonKit/Core
    - fishhook
  - DoraemonKit/WithMLeaksFinder (2.0.0):
    - BSBacktraceLogger
    - DoraemonKit/Core
    - FBRetainCycleDetector
    - fishhook
  - DoraemonKit/WithWeex (2.0.0):
    - BSBacktraceLogger
    - DoraemonKit/Core
    - fishhook
    - WeexSDK
    - WXDevtool
  - FBRetainCycleDetector (0.1.4)
  - fishhook (0.2)
  - FMDB (2.7.5):
    - FMDB/standard (= 2.7.5)
  - FMDB/standard (2.7.5)
  - GCDWebServer (3.5.3):
    - GCDWebServer/Core (= 3.5.3)
  - GCDWebServer/Core (3.5.3)
  - GVUserDefaults (1.0.2)
  - GYHttpMock (1.0.1)
  - IQKeyboardManager (6.0.6)
  - JLRoutes (2.1)
  - LBXScan (2.3):
    - LBXScan/All (= 2.3)
  - LBXScan/All (2.3):
    - LBXScan/Types (~> 2.2)
    - ZBarSDK (~> 1.3.1)
  - LBXScan/Types (2.3)
  - LKDBHelper (2.5.1):
    - LKDBHelper/standard (= 2.5.1)
  - LKDBHelper/standard (2.5.1):
    - FMDB
  - M13ProgressSuite (1.2.9)
  - Masonry (1.1.0)
  - MJRefresh (3.1.16)
  - SDCycleScrollView (1.80):
    - SDWebImage (>= 5.0.0)
  - SDWebImage (5.5.2):
    - SDWebImage/Core (= 5.5.2)
  - SDWebImage/Core (5.5.2)
  - SocketRocket (0.5.1)
  - SVProgressHUD (2.2.5)
  - TYCyclePagerView (1.1.2)
  - TZImagePickerController (3.2.5)
  - UMCAnalytics (5.5.4):
    - UMCCommon
  - UMCCommon (1.5.3)
  - UMCCommonLog (1.0.0)
  - UMCPush (3.2.4):
    - UMCCommon
  - UMCSecurityPlugins (1.0.6)
  - UMCShare/Core (6.9.5):
    - UMCCommon
  - UMCShare/Social/ReducedQQ (6.9.5):
    - UMCCommon
    - UMCShare/Core
  - UMCShare/Social/ReducedSina (6.9.5):
    - UMCCommon
    - UMCShare/Core
  - UMCShare/Social/ReducedWeChat (6.9.5):
    - UMCCommon
    - UMCShare/Core
  - WeexSDK (0.28.0)
  - WMPageController (2.5.2)
  - WXDevtool (0.24.0):
    - SocketRocket
    - WeexSDK
  - YLControllerName (0.0.3)
  - YLKits (0.0.4):
    - YLKits/Foundation (= 0.0.4)
    - YLKits/UIKit (= 0.0.4)
  - YLKits/Foundation (0.0.4)
  - YLKits/UIKit (0.0.4)
  - YTKNetwork (2.0.4):
    - AFNetworking (~> 3.0)
  - YYCache (1.0.4)
  - YYDebugDatabase (2.0.7):
    - FMDB
    - GCDWebServer
  - YYModel (1.0.4)
  - YYText (1.0.7)
  - ZBarSDK (1.3.1)

DEPENDENCIES:
  - ActionSheetPicker-3.0 (~> 2.3.0)
  - CYLTabBarController (~> 1.17.7)
  - DoraemonKit/Core (~> 2.0.0)
  - DoraemonKit/WithDatabase (~> 2.0.0)
  - DoraemonKit/WithGPS (~> 2.0.0)
  - DoraemonKit/WithLoad (~> 2.0.0)
  - DoraemonKit/WithLogger (~> 2.0.0)
  - DoraemonKit/WithMLeaksFinder (= 2.0.0)
  - DoraemonKit/WithWeex (~> 2.0.0)
  - FMDB (~> 2.7.2)
  - GVUserDefaults (~> 1.0.2)
  - GYHttpMock (~> 1.0.0)
  - IQKeyboardManager (~> 6.0.2)
  - JLRoutes (~> 2.1)
  - LBXScan (~> 2.3)
  - LKDBHelper (~> 2.5.1)
  - M13ProgressSuite (~> 1.2.9)
  - Masonry (~> 1.1.0)
  - MJRefresh (~> 3.1.16)
  - SDCycleScrollView (~> 1.80)
  - SDWebImage (~> 5.5.2)
  - SVProgressHUD (~> 2.2.5)
  - TYCyclePagerView (~> 1.1.0)
  - TZImagePickerController (~> 3.2.5)
  - UMCAnalytics (~> 5.5.0)
  - UMCCommon (~> 1.5.0)
  - UMCCommonLog (~> 1.0.0)
  - UMCPush (~> 3.2.1)
  - UMCSecurityPlugins (~> 1.0.6)
  - UMCShare/Social/ReducedQQ (~> 6.9.1)
  - UMCShare/Social/ReducedSina (~> 6.9.1)
  - UMCShare/Social/ReducedWeChat (~> 6.9.1)
  - WMPageController (~> 2.5.2)
  - YLControllerName
  - YLKits (~> 0.0.4)
  - YTKNetwork (~> 2.0.4)
  - YYCache (~> 1.0.4)
  - YYModel (~> 1.0.4)
  - YYText (~> 1.0.7)

SPEC REPOS:
  trunk:
    - ActionSheetPicker-3.0
    - AFNetworking
    - BSBacktraceLogger
    - CocoaLumberjack
    - CYLTabBarController
    - DoraemonKit
    - FBRetainCycleDetector
    - fishhook
    - FMDB
    - GCDWebServer
    - GVUserDefaults
    - GYHttpMock
    - IQKeyboardManager
    - JLRoutes
    - LBXScan
    - LKDBHelper
    - M13ProgressSuite
    - Masonry
    - MJRefresh
    - SDCycleScrollView
    - SDWebImage
    - SocketRocket
    - SVProgressHUD
    - TYCyclePagerView
    - TZImagePickerController
    - UMCAnalytics
    - UMCCommon
    - UMCCommonLog
    - UMCPush
    - UMCSecurityPlugins
    - UMCShare
    - WeexSDK
    - WMPageController
    - WXDevtool
    - YLControllerName
    - YLKits
    - YTKNetwork
    - YYCache
    - YYDebugDatabase
    - YYModel
    - YYText
    - ZBarSDK

SPEC CHECKSUMS:
  ActionSheetPicker-3.0: eef157d75e151f255c5333d26656c7fbfe905a51
  AFNetworking: b6f891fdfaed196b46c7a83cf209e09697b94057
  BSBacktraceLogger: 06b983ee93a9f87d957960e9c73d660d5966b447
  CocoaLumberjack: b17ae15142558d08bbacf69775fa10c4abbebcc9
  CYLTabBarController: 73889c1ccc7685221d85ac2dbf188900543f17d0
  DoraemonKit: 9e923599e28d0b61f1c6de4aef2c2d669b30abb7
  FBRetainCycleDetector: 46f8179bbb1c587deee3ea838a1a3ee02acf5015
  fishhook: ea19933abfe8f2f52c55fd8b6e2718467d3ebc89
  FMDB: 2ce00b547f966261cd18927a3ddb07cb6f3db82a
  GCDWebServer: c0ab22c73e1b84f358d1e2f74bf6afd1c60829f2
  GVUserDefaults: 52d48cf8ba578b40a1a76312b196dfc9134ba36a
  GYHttpMock: ad08e55ce8bde4e7f7b4d0cbc79ff23c1311658b
  IQKeyboardManager: 6b4ecd3e59cf55a26133d802d4678721d7f88499
  JLRoutes: d755245322b94227662ea3e43492fdca94e05c5b
  LBXScan: e51449f0832d1fe17da632af0d22adeb3cfa3543
  LKDBHelper: 9a276ba51f2e16263d46a9517e16cc9b03472664
  M13ProgressSuite: ea9f7263e73e9215e6849dfa54e29ee0ad6a145c
  Masonry: 678fab65091a9290e40e2832a55e7ab731aad201
  MJRefresh: 7798e16e53a5ef7f332dd05b27664db4e29530fd
  SDCycleScrollView: b3c9a5ed840c771c4938978174c7c9d9feefeb96
  SDWebImage: 4d5c027c935438f341ed33dbac53ff9f479922ca
  SocketRocket: d57c7159b83c3c6655745cd15302aa24b6bae531
  SVProgressHUD: 1428aafac632c1f86f62aa4243ec12008d7a51d6
  TYCyclePagerView: 0f67b0986995fd614843e819bc974cadd7f98008
  TZImagePickerController: 17440009643a472aa91e8af3b54d05091b152f0a
  UMCAnalytics: 8449e33b7627ee26f1169202827a8d5a00b5442b
  UMCCommon: 016af43c0f769feb1ae1861d65aaf2b23b89c9c7
  UMCCommonLog: 05a2d5de21858e3d870551562cff405c1366d244
  UMCPush: 1edd856027dcf905333effb4040ace5d236a7316
  UMCSecurityPlugins: 0831a08f3988f3cea9f1d3a7626cd9bee4fef150
  UMCShare: 552b29753f1b4da87b51d96545ed19e6263df397
  WeexSDK: 78861d2f8b78f67e30580c15a54f5b420456db39
  WMPageController: 0c7624d2b48e4f1ab92371688cf6744ed701575d
  WXDevtool: 95b70c73c06fc3299d65bd53ba4b3e0b0087f3cb
  YLControllerName: 31f3062a6e18326c5263669128a6abe4077b94bb
  YLKits: 25a1ea2a9938e5479db7d4d01957ee20f17bb977
  YTKNetwork: df8a7a5597bda1664a4efaa7ef871a818a887fe0
  YYCache: 8105b6638f5e849296c71f331ff83891a4942952
  YYDebugDatabase: c8be8bd85222cc2ced76e93ca06618bab87224d7
  YYModel: 2a7fdd96aaa4b86a824e26d0c517de8928c04b30
  YYText: 5c461d709e24d55a182d1441c41dc639a18a4849
  ZBarSDK: 4c1b5daeb7d6cc67dc9355e690af0230a661f6ec

PODFILE CHECKSUM: dd9d52752597c8c9afe33efc45784270dcce5026

COCOAPODS: 1.9.0
