// !$*UTF8*$!
{
	archiveVersion = 1;
	classes = {
	};
	objectVersion = 51;
	objects = {

/* Begin PBXBuildFile section */
		13063E0C22642E11000F725E /* YLMainTabBarController.m in Sources */ = {isa = PBXBuildFile; fileRef = 13063E0B22642E11000F725E /* YLMainTabBarController.m */; };
		13063E0F22642F7D000F725E /* YLNetworkConfig.m in Sources */ = {isa = PBXBuildFile; fileRef = 13063E0E22642F7D000F725E /* YLNetworkConfig.m */; };
		13063E1222643372000F725E /* YLAPPInfoTool.m in Sources */ = {isa = PBXBuildFile; fileRef = 13063E1122643372000F725E /* YLAPPInfoTool.m */; };
		13063E1D22646C37000F725E /* YLMainRootViewController.m in Sources */ = {isa = PBXBuildFile; fileRef = 13063E1C22646C37000F725E /* YLMainRootViewController.m */; };
		13063E2022646DC9000F725E /* YLMeViewController.m in Sources */ = {isa = PBXBuildFile; fileRef = 13063E1F22646DC9000F725E /* YLMeViewController.m */; };
		13063E2322646DE5000F725E /* YLHomeViewController.m in Sources */ = {isa = PBXBuildFile; fileRef = 13063E2222646DE5000F725E /* YLHomeViewController.m */; };
		13095127226DD9EA005E5961 /* YLBaseCell.m in Sources */ = {isa = PBXBuildFile; fileRef = 13095119226DD9EA005E5961 /* YLBaseCell.m */; };
		13095128226DD9EA005E5961 /* YLBaseCellModel.m in Sources */ = {isa = PBXBuildFile; fileRef = 1309511C226DD9EA005E5961 /* YLBaseCellModel.m */; };
		13095129226DD9EA005E5961 /* UIScrollView+YLBlankPage.m in Sources */ = {isa = PBXBuildFile; fileRef = 13095121226DD9EA005E5961 /* UIScrollView+YLBlankPage.m */; };
		1309512A226DD9EA005E5961 /* YLBaseTableView.m in Sources */ = {isa = PBXBuildFile; fileRef = 13095123226DD9EA005E5961 /* YLBaseTableView.m */; };
		1309512B226DD9EA005E5961 /* YLRefreshTableView.m in Sources */ = {isa = PBXBuildFile; fileRef = 13095124226DD9EA005E5961 /* YLRefreshTableView.m */; };
		1317EB6B231A1918004991A5 /* YLMainTabBarConfig.m in Sources */ = {isa = PBXBuildFile; fileRef = 1317EB6A231A1918004991A5 /* YLMainTabBarConfig.m */; };
		1317EB74231A727D004991A5 /* YLMeItemModel.m in Sources */ = {isa = PBXBuildFile; fileRef = 1317EB73231A727D004991A5 /* YLMeItemModel.m */; };
		1317EB77231A735E004991A5 /* YLMeItemCell.m in Sources */ = {isa = PBXBuildFile; fileRef = 1317EB76231A735E004991A5 /* YLMeItemCell.m */; };
		133BF906227EBB290052AC24 /* YLNetworkEntity.m in Sources */ = {isa = PBXBuildFile; fileRef = 133BF905227EBB290052AC24 /* YLNetworkEntity.m */; };
		133BF90A227EBCE80052AC24 /* YLProgressHUD.m in Sources */ = {isa = PBXBuildFile; fileRef = 133BF909227EBCE80052AC24 /* YLProgressHUD.m */; };
		138FC4402282AA8000BCFA14 /* YLConstAPI.m in Sources */ = {isa = PBXBuildFile; fileRef = 138FC43F2282AA8000BCFA14 /* YLConstAPI.m */; };
		138FC4482282C0C800BCFA14 /* YLDiscoverViewController.m in Sources */ = {isa = PBXBuildFile; fileRef = 138FC4472282C0C800BCFA14 /* YLDiscoverViewController.m */; };
		13A84575226588060023F5ED /* YLDIYRefreshHeader.m in Sources */ = {isa = PBXBuildFile; fileRef = 13A84574226588060023F5ED /* YLDIYRefreshHeader.m */; };
		13A84578226588360023F5ED /* YLDIYRefreshFooter.m in Sources */ = {isa = PBXBuildFile; fileRef = 13A84577226588360023F5ED /* YLDIYRefreshFooter.m */; };
		13B6A9FE2261C8E7004B76D7 /* AppDelegate.m in Sources */ = {isa = PBXBuildFile; fileRef = 13B6A9FD2261C8E7004B76D7 /* AppDelegate.m */; };
		13B6AA012261C8E7004B76D7 /* ViewController.m in Sources */ = {isa = PBXBuildFile; fileRef = 13B6AA002261C8E7004B76D7 /* ViewController.m */; };
		13B6AA042261C8E7004B76D7 /* Main.storyboard in Resources */ = {isa = PBXBuildFile; fileRef = 13B6AA022261C8E7004B76D7 /* Main.storyboard */; };
		13B6AA062261C8EA004B76D7 /* Assets.xcassets in Resources */ = {isa = PBXBuildFile; fileRef = 13B6AA052261C8EA004B76D7 /* Assets.xcassets */; };
		13B6AA092261C8EA004B76D7 /* LaunchScreen.storyboard in Resources */ = {isa = PBXBuildFile; fileRef = 13B6AA072261C8EA004B76D7 /* LaunchScreen.storyboard */; };
		13B6AA0C2261C8EA004B76D7 /* main.m in Sources */ = {isa = PBXBuildFile; fileRef = 13B6AA0B2261C8EA004B76D7 /* main.m */; };
		13B6AA422261C973004B76D7 /* YLBaseNavigationController.m in Sources */ = {isa = PBXBuildFile; fileRef = 13B6AA322261C973004B76D7 /* YLBaseNavigationController.m */; };
		13B6AA432261C973004B76D7 /* YLBaseAlertView.m in Sources */ = {isa = PBXBuildFile; fileRef = 13B6AA362261C973004B76D7 /* YLBaseAlertView.m */; };
		13B6AA442261C973004B76D7 /* YLBaseViewController.m in Sources */ = {isa = PBXBuildFile; fileRef = 13B6AA382261C973004B76D7 /* YLBaseViewController.m */; };
		13B6AA452261C973004B76D7 /* YLBaseTableViewController.m in Sources */ = {isa = PBXBuildFile; fileRef = 13B6AA392261C973004B76D7 /* YLBaseTableViewController.m */; };
		13B6AA462261C973004B76D7 /* YLBaseModel.m in Sources */ = {isa = PBXBuildFile; fileRef = 13B6AA3E2261C973004B76D7 /* YLBaseModel.m */; };
		13B6AA472261C973004B76D7 /* YLBaseRequest.m in Sources */ = {isa = PBXBuildFile; fileRef = 13B6AA402261C973004B76D7 /* YLBaseRequest.m */; };
		13B6AA722261C9B4004B76D7 /* YLTimeUtils.m in Sources */ = {isa = PBXBuildFile; fileRef = 13B6AA5D2261C9B4004B76D7 /* YLTimeUtils.m */; };
		13B6AA732261C9B4004B76D7 /* YLUserDefaults+Properties.m in Sources */ = {isa = PBXBuildFile; fileRef = 13B6AA622261C9B4004B76D7 /* YLUserDefaults+Properties.m */; };
		13B6AA742261C9B4004B76D7 /* YLUserDefaults.m in Sources */ = {isa = PBXBuildFile; fileRef = 13B6AA632261C9B4004B76D7 /* YLUserDefaults.m */; };
		13B6AA752261C9B4004B76D7 /* YLConstCommon.m in Sources */ = {isa = PBXBuildFile; fileRef = 13B6AA672261C9B4004B76D7 /* YLConstCommon.m */; };
		13B6AA762261C9B4004B76D7 /* YLConstNotification.m in Sources */ = {isa = PBXBuildFile; fileRef = 13B6AA682261C9B4004B76D7 /* YLConstNotification.m */; };
		13B6AA802261C9BC004B76D7 /* KSDecimalNumber.m in Sources */ = {isa = PBXBuildFile; fileRef = 13B6AA792261C9BC004B76D7 /* KSDecimalNumber.m */; };
		13B6AA812261C9BC004B76D7 /* NSDecimalNumber+Addtion.m in Sources */ = {isa = PBXBuildFile; fileRef = 13B6AA7B2261C9BC004B76D7 /* NSDecimalNumber+Addtion.m */; };
		13B6AA872261C9F0004B76D7 /* FastlaneTips.rb in Resources */ = {isa = PBXBuildFile; fileRef = 13B6AA842261C9EF004B76D7 /* FastlaneTips.rb */; };
		13B6AA8B2261CA49004B76D7 /* Fastfile.rb in Resources */ = {isa = PBXBuildFile; fileRef = 13B6AA8A2261CA49004B76D7 /* Fastfile.rb */; };
		13B6AA902261CDE6004B76D7 /* pre-commit.py in Resources */ = {isa = PBXBuildFile; fileRef = 13B6AA8D2261CDE5004B76D7 /* pre-commit.py */; };
		13B6AA912261CDE6004B76D7 /* commit-msg.py in Resources */ = {isa = PBXBuildFile; fileRef = 13B6AA8E2261CDE5004B76D7 /* commit-msg.py */; };
		13B6AA922261CDE6004B76D7 /* post-commit.py in Resources */ = {isa = PBXBuildFile; fileRef = 13B6AA8F2261CDE6004B76D7 /* post-commit.py */; };
		13CC8A7B2271495C00AE612E /* YLBasePageViewController.m in Sources */ = {isa = PBXBuildFile; fileRef = 13CC8A7A2271495C00AE612E /* YLBasePageViewController.m */; };
		13E8845223026AD90082694F /* YLUMSDKManager.m in Sources */ = {isa = PBXBuildFile; fileRef = 13E8845123026AD90082694F /* YLUMSDKManager.m */; };
		13E88458230298D70082694F /* YLShareView.m in Sources */ = {isa = PBXBuildFile; fileRef = 13E88457230298D70082694F /* YLShareView.m */; };
		13E8845C230299270082694F /* YLShareItemModel.m in Sources */ = {isa = PBXBuildFile; fileRef = 13E8845B230299270082694F /* YLShareItemModel.m */; };
		13E8845F230299460082694F /* YLShareManager.m in Sources */ = {isa = PBXBuildFile; fileRef = 13E8845E230299460082694F /* YLShareManager.m */; };
		13E884622302A60E0082694F /* YLShareItemCell.m in Sources */ = {isa = PBXBuildFile; fileRef = 13E884612302A60E0082694F /* YLShareItemCell.m */; };
		13FB805C235DA7D700026AD2 /* YLRoutes.m in Sources */ = {isa = PBXBuildFile; fileRef = 13FB805B235DA7D700026AD2 /* YLRoutes.m */; };
		A89D08432194D5B8F6EDA3F4 /* libPods-YLProject.a in Frameworks */ = {isa = PBXBuildFile; fileRef = E67655B061F35E9A005F8E68 /* libPods-YLProject.a */; };
/* End PBXBuildFile section */

/* Begin PBXFileReference section */
		13063E092264275A000F725E /* YLNavigationControllerProtocol.h */ = {isa = PBXFileReference; lastKnownFileType = sourcecode.c.h; path = YLNavigationControllerProtocol.h; sourceTree = "<group>"; };
		13063E0A22642E11000F725E /* YLMainTabBarController.h */ = {isa = PBXFileReference; lastKnownFileType = sourcecode.c.h; path = YLMainTabBarController.h; sourceTree = "<group>"; };
		13063E0B22642E11000F725E /* YLMainTabBarController.m */ = {isa = PBXFileReference; lastKnownFileType = sourcecode.c.objc; path = YLMainTabBarController.m; sourceTree = "<group>"; };
		13063E0D22642F7D000F725E /* YLNetworkConfig.h */ = {isa = PBXFileReference; lastKnownFileType = sourcecode.c.h; path = YLNetworkConfig.h; sourceTree = "<group>"; };
		13063E0E22642F7D000F725E /* YLNetworkConfig.m */ = {isa = PBXFileReference; lastKnownFileType = sourcecode.c.objc; path = YLNetworkConfig.m; sourceTree = "<group>"; };
		13063E1022643372000F725E /* YLAPPInfoTool.h */ = {isa = PBXFileReference; lastKnownFileType = sourcecode.c.h; path = YLAPPInfoTool.h; sourceTree = "<group>"; };
		13063E1122643372000F725E /* YLAPPInfoTool.m */ = {isa = PBXFileReference; lastKnownFileType = sourcecode.c.objc; path = YLAPPInfoTool.m; sourceTree = "<group>"; };
		13063E13226434A7000F725E /* YLUtilsHeaders.h */ = {isa = PBXFileReference; lastKnownFileType = sourcecode.c.h; path = YLUtilsHeaders.h; sourceTree = "<group>"; };
		13063E14226434D9000F725E /* YLConstHeaders.h */ = {isa = PBXFileReference; lastKnownFileType = sourcecode.c.h; path = YLConstHeaders.h; sourceTree = "<group>"; };
		13063E1B22646C37000F725E /* YLMainRootViewController.h */ = {isa = PBXFileReference; lastKnownFileType = sourcecode.c.h; path = YLMainRootViewController.h; sourceTree = "<group>"; };
		13063E1C22646C37000F725E /* YLMainRootViewController.m */ = {isa = PBXFileReference; lastKnownFileType = sourcecode.c.objc; path = YLMainRootViewController.m; sourceTree = "<group>"; };
		13063E1E22646DC9000F725E /* YLMeViewController.h */ = {isa = PBXFileReference; lastKnownFileType = sourcecode.c.h; path = YLMeViewController.h; sourceTree = "<group>"; };
		13063E1F22646DC9000F725E /* YLMeViewController.m */ = {isa = PBXFileReference; lastKnownFileType = sourcecode.c.objc; path = YLMeViewController.m; sourceTree = "<group>"; };
		13063E2122646DE5000F725E /* YLHomeViewController.h */ = {isa = PBXFileReference; lastKnownFileType = sourcecode.c.h; path = YLHomeViewController.h; sourceTree = "<group>"; };
		13063E2222646DE5000F725E /* YLHomeViewController.m */ = {isa = PBXFileReference; lastKnownFileType = sourcecode.c.objc; path = YLHomeViewController.m; sourceTree = "<group>"; };
		13095118226DD9EA005E5961 /* YLBaseCell.h */ = {isa = PBXFileReference; fileEncoding = 4; lastKnownFileType = sourcecode.c.h; path = YLBaseCell.h; sourceTree = "<group>"; };
		13095119226DD9EA005E5961 /* YLBaseCell.m */ = {isa = PBXFileReference; fileEncoding = 4; lastKnownFileType = sourcecode.c.objc; path = YLBaseCell.m; sourceTree = "<group>"; };
		1309511B226DD9EA005E5961 /* YLBaseCellModel.h */ = {isa = PBXFileReference; fileEncoding = 4; lastKnownFileType = sourcecode.c.h; path = YLBaseCellModel.h; sourceTree = "<group>"; };
		1309511C226DD9EA005E5961 /* YLBaseCellModel.m */ = {isa = PBXFileReference; fileEncoding = 4; lastKnownFileType = sourcecode.c.objc; path = YLBaseCellModel.m; sourceTree = "<group>"; };
		13095120226DD9EA005E5961 /* UIScrollView+YLBlankPage.h */ = {isa = PBXFileReference; fileEncoding = 4; lastKnownFileType = sourcecode.c.h; path = "UIScrollView+YLBlankPage.h"; sourceTree = "<group>"; };
		13095121226DD9EA005E5961 /* UIScrollView+YLBlankPage.m */ = {isa = PBXFileReference; fileEncoding = 4; lastKnownFileType = sourcecode.c.objc; path = "UIScrollView+YLBlankPage.m"; sourceTree = "<group>"; };
		13095122226DD9EA005E5961 /* YLRefreshTableView.h */ = {isa = PBXFileReference; fileEncoding = 4; lastKnownFileType = sourcecode.c.h; path = YLRefreshTableView.h; sourceTree = "<group>"; };
		13095123226DD9EA005E5961 /* YLBaseTableView.m */ = {isa = PBXFileReference; fileEncoding = 4; lastKnownFileType = sourcecode.c.objc; path = YLBaseTableView.m; sourceTree = "<group>"; };
		13095124226DD9EA005E5961 /* YLRefreshTableView.m */ = {isa = PBXFileReference; fileEncoding = 4; lastKnownFileType = sourcecode.c.objc; path = YLRefreshTableView.m; sourceTree = "<group>"; };
		13095126226DD9EA005E5961 /* YLBaseTableView.h */ = {isa = PBXFileReference; fileEncoding = 4; lastKnownFileType = sourcecode.c.h; path = YLBaseTableView.h; sourceTree = "<group>"; };
		1317EB69231A1918004991A5 /* YLMainTabBarConfig.h */ = {isa = PBXFileReference; lastKnownFileType = sourcecode.c.h; path = YLMainTabBarConfig.h; sourceTree = "<group>"; };
		1317EB6A231A1918004991A5 /* YLMainTabBarConfig.m */ = {isa = PBXFileReference; lastKnownFileType = sourcecode.c.objc; path = YLMainTabBarConfig.m; sourceTree = "<group>"; };
		1317EB72231A727D004991A5 /* YLMeItemModel.h */ = {isa = PBXFileReference; lastKnownFileType = sourcecode.c.h; path = YLMeItemModel.h; sourceTree = "<group>"; };
		1317EB73231A727D004991A5 /* YLMeItemModel.m */ = {isa = PBXFileReference; lastKnownFileType = sourcecode.c.objc; path = YLMeItemModel.m; sourceTree = "<group>"; };
		1317EB75231A735E004991A5 /* YLMeItemCell.h */ = {isa = PBXFileReference; lastKnownFileType = sourcecode.c.h; path = YLMeItemCell.h; sourceTree = "<group>"; };
		1317EB76231A735E004991A5 /* YLMeItemCell.m */ = {isa = PBXFileReference; lastKnownFileType = sourcecode.c.objc; path = YLMeItemCell.m; sourceTree = "<group>"; };
		133BF904227EBB290052AC24 /* YLNetworkEntity.h */ = {isa = PBXFileReference; lastKnownFileType = sourcecode.c.h; path = YLNetworkEntity.h; sourceTree = "<group>"; };
		133BF905227EBB290052AC24 /* YLNetworkEntity.m */ = {isa = PBXFileReference; lastKnownFileType = sourcecode.c.objc; path = YLNetworkEntity.m; sourceTree = "<group>"; };
		133BF908227EBCE80052AC24 /* YLProgressHUD.h */ = {isa = PBXFileReference; lastKnownFileType = sourcecode.c.h; path = YLProgressHUD.h; sourceTree = "<group>"; };
		133BF909227EBCE80052AC24 /* YLProgressHUD.m */ = {isa = PBXFileReference; lastKnownFileType = sourcecode.c.objc; path = YLProgressHUD.m; sourceTree = "<group>"; };
		13705D6E2417720200DE2011 /* 小项目.entitlements */ = {isa = PBXFileReference; lastKnownFileType = text.plist.entitlements; path = "小项目.entitlements"; sourceTree = "<group>"; };
		138FC43E2282AA8000BCFA14 /* YLConstAPI.h */ = {isa = PBXFileReference; lastKnownFileType = sourcecode.c.h; path = YLConstAPI.h; sourceTree = "<group>"; };
		138FC43F2282AA8000BCFA14 /* YLConstAPI.m */ = {isa = PBXFileReference; lastKnownFileType = sourcecode.c.objc; path = YLConstAPI.m; sourceTree = "<group>"; };
		138FC4462282C0C800BCFA14 /* YLDiscoverViewController.h */ = {isa = PBXFileReference; lastKnownFileType = sourcecode.c.h; path = YLDiscoverViewController.h; sourceTree = "<group>"; };
		138FC4472282C0C800BCFA14 /* YLDiscoverViewController.m */ = {isa = PBXFileReference; lastKnownFileType = sourcecode.c.objc; path = YLDiscoverViewController.m; sourceTree = "<group>"; };
		13A84573226588060023F5ED /* YLDIYRefreshHeader.h */ = {isa = PBXFileReference; lastKnownFileType = sourcecode.c.h; path = YLDIYRefreshHeader.h; sourceTree = "<group>"; };
		13A84574226588060023F5ED /* YLDIYRefreshHeader.m */ = {isa = PBXFileReference; lastKnownFileType = sourcecode.c.objc; path = YLDIYRefreshHeader.m; sourceTree = "<group>"; };
		13A84576226588360023F5ED /* YLDIYRefreshFooter.h */ = {isa = PBXFileReference; lastKnownFileType = sourcecode.c.h; path = YLDIYRefreshFooter.h; sourceTree = "<group>"; };
		13A84577226588360023F5ED /* YLDIYRefreshFooter.m */ = {isa = PBXFileReference; lastKnownFileType = sourcecode.c.objc; path = YLDIYRefreshFooter.m; sourceTree = "<group>"; };
		13B2F8F822681AAE00185915 /* YLCategoryHeaders.h */ = {isa = PBXFileReference; lastKnownFileType = sourcecode.c.h; path = YLCategoryHeaders.h; sourceTree = "<group>"; };
		13B6A9F92261C8E7004B76D7 /* YLProject.app */ = {isa = PBXFileReference; explicitFileType = wrapper.application; includeInIndex = 0; path = YLProject.app; sourceTree = BUILT_PRODUCTS_DIR; };
		13B6A9FC2261C8E7004B76D7 /* AppDelegate.h */ = {isa = PBXFileReference; lastKnownFileType = sourcecode.c.h; path = AppDelegate.h; sourceTree = "<group>"; };
		13B6A9FD2261C8E7004B76D7 /* AppDelegate.m */ = {isa = PBXFileReference; lastKnownFileType = sourcecode.c.objc; path = AppDelegate.m; sourceTree = "<group>"; };
		13B6A9FF2261C8E7004B76D7 /* ViewController.h */ = {isa = PBXFileReference; lastKnownFileType = sourcecode.c.h; path = ViewController.h; sourceTree = "<group>"; };
		13B6AA002261C8E7004B76D7 /* ViewController.m */ = {isa = PBXFileReference; lastKnownFileType = sourcecode.c.objc; path = ViewController.m; sourceTree = "<group>"; };
		13B6AA032261C8E7004B76D7 /* Base */ = {isa = PBXFileReference; lastKnownFileType = file.storyboard; name = Base; path = Base.lproj/Main.storyboard; sourceTree = "<group>"; };
		13B6AA052261C8EA004B76D7 /* Assets.xcassets */ = {isa = PBXFileReference; lastKnownFileType = folder.assetcatalog; path = Assets.xcassets; sourceTree = "<group>"; };
		13B6AA082261C8EA004B76D7 /* Base */ = {isa = PBXFileReference; lastKnownFileType = file.storyboard; name = Base; path = Base.lproj/LaunchScreen.storyboard; sourceTree = "<group>"; };
		13B6AA0A2261C8EA004B76D7 /* Info.plist */ = {isa = PBXFileReference; lastKnownFileType = text.plist.xml; path = Info.plist; sourceTree = "<group>"; };
		13B6AA0B2261C8EA004B76D7 /* main.m */ = {isa = PBXFileReference; lastKnownFileType = sourcecode.c.objc; path = main.m; sourceTree = "<group>"; };
		13B6AA322261C973004B76D7 /* YLBaseNavigationController.m */ = {isa = PBXFileReference; fileEncoding = 4; lastKnownFileType = sourcecode.c.objc; path = YLBaseNavigationController.m; sourceTree = "<group>"; };
		13B6AA332261C973004B76D7 /* YLBaseNavigationController.h */ = {isa = PBXFileReference; fileEncoding = 4; lastKnownFileType = sourcecode.c.h; path = YLBaseNavigationController.h; sourceTree = "<group>"; };
		13B6AA352261C973004B76D7 /* YLBaseAlertView.h */ = {isa = PBXFileReference; fileEncoding = 4; lastKnownFileType = sourcecode.c.h; path = YLBaseAlertView.h; sourceTree = "<group>"; };
		13B6AA362261C973004B76D7 /* YLBaseAlertView.m */ = {isa = PBXFileReference; fileEncoding = 4; lastKnownFileType = sourcecode.c.objc; path = YLBaseAlertView.m; sourceTree = "<group>"; };
		13B6AA382261C973004B76D7 /* YLBaseViewController.m */ = {isa = PBXFileReference; fileEncoding = 4; lastKnownFileType = sourcecode.c.objc; path = YLBaseViewController.m; sourceTree = "<group>"; };
		13B6AA392261C973004B76D7 /* YLBaseTableViewController.m */ = {isa = PBXFileReference; fileEncoding = 4; lastKnownFileType = sourcecode.c.objc; path = YLBaseTableViewController.m; sourceTree = "<group>"; };
		13B6AA3A2261C973004B76D7 /* YLBaseViewController.h */ = {isa = PBXFileReference; fileEncoding = 4; lastKnownFileType = sourcecode.c.h; path = YLBaseViewController.h; sourceTree = "<group>"; };
		13B6AA3B2261C973004B76D7 /* YLBaseTableViewController.h */ = {isa = PBXFileReference; fileEncoding = 4; lastKnownFileType = sourcecode.c.h; path = YLBaseTableViewController.h; sourceTree = "<group>"; };
		13B6AA3D2261C973004B76D7 /* YLBaseModel.h */ = {isa = PBXFileReference; fileEncoding = 4; lastKnownFileType = sourcecode.c.h; path = YLBaseModel.h; sourceTree = "<group>"; };
		13B6AA3E2261C973004B76D7 /* YLBaseModel.m */ = {isa = PBXFileReference; fileEncoding = 4; lastKnownFileType = sourcecode.c.objc; path = YLBaseModel.m; sourceTree = "<group>"; };
		13B6AA402261C973004B76D7 /* YLBaseRequest.m */ = {isa = PBXFileReference; fileEncoding = 4; lastKnownFileType = sourcecode.c.objc; path = YLBaseRequest.m; sourceTree = "<group>"; };
		13B6AA412261C973004B76D7 /* YLBaseRequest.h */ = {isa = PBXFileReference; fileEncoding = 4; lastKnownFileType = sourcecode.c.h; path = YLBaseRequest.h; sourceTree = "<group>"; };
		13B6AA5D2261C9B4004B76D7 /* YLTimeUtils.m */ = {isa = PBXFileReference; fileEncoding = 4; lastKnownFileType = sourcecode.c.objc; path = YLTimeUtils.m; sourceTree = "<group>"; };
		13B6AA5E2261C9B4004B76D7 /* YLTimeUtils.h */ = {isa = PBXFileReference; fileEncoding = 4; lastKnownFileType = sourcecode.c.h; path = YLTimeUtils.h; sourceTree = "<group>"; };
		13B6AA602261C9B4004B76D7 /* YLUserDefaults+Properties.h */ = {isa = PBXFileReference; fileEncoding = 4; lastKnownFileType = sourcecode.c.h; path = "YLUserDefaults+Properties.h"; sourceTree = "<group>"; };
		13B6AA612261C9B4004B76D7 /* YLUserDefaults.h */ = {isa = PBXFileReference; fileEncoding = 4; lastKnownFileType = sourcecode.c.h; path = YLUserDefaults.h; sourceTree = "<group>"; };
		13B6AA622261C9B4004B76D7 /* YLUserDefaults+Properties.m */ = {isa = PBXFileReference; fileEncoding = 4; lastKnownFileType = sourcecode.c.objc; path = "YLUserDefaults+Properties.m"; sourceTree = "<group>"; };
		13B6AA632261C9B4004B76D7 /* YLUserDefaults.m */ = {isa = PBXFileReference; fileEncoding = 4; lastKnownFileType = sourcecode.c.objc; path = YLUserDefaults.m; sourceTree = "<group>"; };
		13B6AA652261C9B4004B76D7 /* YLConstNotification.h */ = {isa = PBXFileReference; fileEncoding = 4; lastKnownFileType = sourcecode.c.h; path = YLConstNotification.h; sourceTree = "<group>"; };
		13B6AA662261C9B4004B76D7 /* YLConstCommon.h */ = {isa = PBXFileReference; fileEncoding = 4; lastKnownFileType = sourcecode.c.h; path = YLConstCommon.h; sourceTree = "<group>"; };
		13B6AA672261C9B4004B76D7 /* YLConstCommon.m */ = {isa = PBXFileReference; fileEncoding = 4; lastKnownFileType = sourcecode.c.objc; path = YLConstCommon.m; sourceTree = "<group>"; };
		13B6AA682261C9B4004B76D7 /* YLConstNotification.m */ = {isa = PBXFileReference; fileEncoding = 4; lastKnownFileType = sourcecode.c.objc; path = YLConstNotification.m; sourceTree = "<group>"; };
		13B6AA6A2261C9B4004B76D7 /* YLGlobalMacros.h */ = {isa = PBXFileReference; fileEncoding = 4; lastKnownFileType = sourcecode.c.h; path = YLGlobalMacros.h; sourceTree = "<group>"; };
		13B6AA6B2261C9B4004B76D7 /* PrefixHeader.pch */ = {isa = PBXFileReference; fileEncoding = 4; lastKnownFileType = sourcecode.c.h; path = PrefixHeader.pch; sourceTree = "<group>"; };
		13B6AA792261C9BC004B76D7 /* KSDecimalNumber.m */ = {isa = PBXFileReference; fileEncoding = 4; lastKnownFileType = sourcecode.c.objc; path = KSDecimalNumber.m; sourceTree = "<group>"; };
		13B6AA7A2261C9BC004B76D7 /* NSDecimalNumber+Addtion.h */ = {isa = PBXFileReference; fileEncoding = 4; lastKnownFileType = sourcecode.c.h; path = "NSDecimalNumber+Addtion.h"; sourceTree = "<group>"; };
		13B6AA7B2261C9BC004B76D7 /* NSDecimalNumber+Addtion.m */ = {isa = PBXFileReference; fileEncoding = 4; lastKnownFileType = sourcecode.c.objc; path = "NSDecimalNumber+Addtion.m"; sourceTree = "<group>"; };
		13B6AA7C2261C9BC004B76D7 /* KSDecimalNumber.h */ = {isa = PBXFileReference; fileEncoding = 4; lastKnownFileType = sourcecode.c.h; path = KSDecimalNumber.h; sourceTree = "<group>"; };
		13B6AA842261C9EF004B76D7 /* FastlaneTips.rb */ = {isa = PBXFileReference; fileEncoding = 4; lastKnownFileType = text.script.ruby; path = FastlaneTips.rb; sourceTree = "<group>"; };
		13B6AA8A2261CA49004B76D7 /* Fastfile.rb */ = {isa = PBXFileReference; fileEncoding = 4; lastKnownFileType = text.script.ruby; path = Fastfile.rb; sourceTree = "<group>"; };
		13B6AA8D2261CDE5004B76D7 /* pre-commit.py */ = {isa = PBXFileReference; fileEncoding = 4; lastKnownFileType = text.script.python; path = "pre-commit.py"; sourceTree = "<group>"; };
		13B6AA8E2261CDE5004B76D7 /* commit-msg.py */ = {isa = PBXFileReference; fileEncoding = 4; lastKnownFileType = text.script.python; path = "commit-msg.py"; sourceTree = "<group>"; };
		13B6AA8F2261CDE6004B76D7 /* post-commit.py */ = {isa = PBXFileReference; fileEncoding = 4; lastKnownFileType = text.script.python; path = "post-commit.py"; sourceTree = "<group>"; };
		13CC8A792271495C00AE612E /* YLBasePageViewController.h */ = {isa = PBXFileReference; lastKnownFileType = sourcecode.c.h; path = YLBasePageViewController.h; sourceTree = "<group>"; };
		13CC8A7A2271495C00AE612E /* YLBasePageViewController.m */ = {isa = PBXFileReference; lastKnownFileType = sourcecode.c.objc; path = YLBasePageViewController.m; sourceTree = "<group>"; };
		13E8845023026AD90082694F /* YLUMSDKManager.h */ = {isa = PBXFileReference; lastKnownFileType = sourcecode.c.h; path = YLUMSDKManager.h; sourceTree = "<group>"; };
		13E8845123026AD90082694F /* YLUMSDKManager.m */ = {isa = PBXFileReference; lastKnownFileType = sourcecode.c.objc; path = YLUMSDKManager.m; sourceTree = "<group>"; };
		13E88456230298D70082694F /* YLShareView.h */ = {isa = PBXFileReference; lastKnownFileType = sourcecode.c.h; path = YLShareView.h; sourceTree = "<group>"; };
		13E88457230298D70082694F /* YLShareView.m */ = {isa = PBXFileReference; lastKnownFileType = sourcecode.c.objc; path = YLShareView.m; sourceTree = "<group>"; };
		13E8845A230299270082694F /* YLShareItemModel.h */ = {isa = PBXFileReference; lastKnownFileType = sourcecode.c.h; path = YLShareItemModel.h; sourceTree = "<group>"; };
		13E8845B230299270082694F /* YLShareItemModel.m */ = {isa = PBXFileReference; lastKnownFileType = sourcecode.c.objc; path = YLShareItemModel.m; sourceTree = "<group>"; };
		13E8845D230299460082694F /* YLShareManager.h */ = {isa = PBXFileReference; lastKnownFileType = sourcecode.c.h; path = YLShareManager.h; sourceTree = "<group>"; };
		13E8845E230299460082694F /* YLShareManager.m */ = {isa = PBXFileReference; lastKnownFileType = sourcecode.c.objc; path = YLShareManager.m; sourceTree = "<group>"; };
		13E884602302A60E0082694F /* YLShareItemCell.h */ = {isa = PBXFileReference; lastKnownFileType = sourcecode.c.h; path = YLShareItemCell.h; sourceTree = "<group>"; };
		13E884612302A60E0082694F /* YLShareItemCell.m */ = {isa = PBXFileReference; lastKnownFileType = sourcecode.c.objc; path = YLShareItemCell.m; sourceTree = "<group>"; };
		13EC659A2356CD2000960EC6 /* APPInfoMacros.h */ = {isa = PBXFileReference; lastKnownFileType = sourcecode.c.h; path = APPInfoMacros.h; sourceTree = "<group>"; };
		13FB805A235DA7D700026AD2 /* YLRoutes.h */ = {isa = PBXFileReference; lastKnownFileType = sourcecode.c.h; path = YLRoutes.h; sourceTree = "<group>"; };
		13FB805B235DA7D700026AD2 /* YLRoutes.m */ = {isa = PBXFileReference; lastKnownFileType = sourcecode.c.objc; path = YLRoutes.m; sourceTree = "<group>"; };
		68A8D13C79DD89C51B69F737 /* Pods-YLProject.debug.xcconfig */ = {isa = PBXFileReference; includeInIndex = 1; lastKnownFileType = text.xcconfig; name = "Pods-YLProject.debug.xcconfig"; path = "Pods/Target Support Files/Pods-YLProject/Pods-YLProject.debug.xcconfig"; sourceTree = "<group>"; };
		73A0FF6A0DA695ACF616EBE2 /* libPods-YLProjectUITests.a */ = {isa = PBXFileReference; explicitFileType = archive.ar; includeInIndex = 0; path = "libPods-YLProjectUITests.a"; sourceTree = BUILT_PRODUCTS_DIR; };
		921B168F7F8E7D2A69933795 /* Pods-YLProject.pre.xcconfig */ = {isa = PBXFileReference; includeInIndex = 1; lastKnownFileType = text.xcconfig; name = "Pods-YLProject.pre.xcconfig"; path = "Pods/Target Support Files/Pods-YLProject/Pods-YLProject.pre.xcconfig"; sourceTree = "<group>"; };
		ADAEB83A1C30751882E633A1 /* Pods-YLProject.test.xcconfig */ = {isa = PBXFileReference; includeInIndex = 1; lastKnownFileType = text.xcconfig; name = "Pods-YLProject.test.xcconfig"; path = "Pods/Target Support Files/Pods-YLProject/Pods-YLProject.test.xcconfig"; sourceTree = "<group>"; };
		BFF832DC22E3F7961799F90A /* Pods-YLProject.release.xcconfig */ = {isa = PBXFileReference; includeInIndex = 1; lastKnownFileType = text.xcconfig; name = "Pods-YLProject.release.xcconfig"; path = "Pods/Target Support Files/Pods-YLProject/Pods-YLProject.release.xcconfig"; sourceTree = "<group>"; };
		D9EC71A86B4E4E44D0CFBD82 /* libPods-YLProjectTests.a */ = {isa = PBXFileReference; explicitFileType = archive.ar; includeInIndex = 0; path = "libPods-YLProjectTests.a"; sourceTree = BUILT_PRODUCTS_DIR; };
		E67655B061F35E9A005F8E68 /* libPods-YLProject.a */ = {isa = PBXFileReference; explicitFileType = archive.ar; includeInIndex = 0; path = "libPods-YLProject.a"; sourceTree = BUILT_PRODUCTS_DIR; };
/* End PBXFileReference section */

/* Begin PBXFrameworksBuildPhase section */
		13B6A9F62261C8E7004B76D7 /* Frameworks */ = {
			isa = PBXFrameworksBuildPhase;
			buildActionMask = 2147483647;
			files = (
				A89D08432194D5B8F6EDA3F4 /* libPods-YLProject.a in Frameworks */,
			);
			runOnlyForDeploymentPostprocessing = 0;
		};
/* End PBXFrameworksBuildPhase section */

/* Begin PBXGroup section */
		13063E08226425F7000F725E /* BaseTabbarController */ = {
			isa = PBXGroup;
			children = (
				1317EB69231A1918004991A5 /* YLMainTabBarConfig.h */,
				1317EB6A231A1918004991A5 /* YLMainTabBarConfig.m */,
				13063E0A22642E11000F725E /* YLMainTabBarController.h */,
				13063E0B22642E11000F725E /* YLMainTabBarController.m */,
			);
			path = BaseTabbarController;
			sourceTree = "<group>";
		};
		13063E1522646A51000F725E /* Main */ = {
			isa = PBXGroup;
			children = (
				138FC4412282AC1800BCFA14 /* Discover */,
				13063E1722646A75000F725E /* Me */,
				13063E1622646A6F000F725E /* Home */,
			);
			path = Main;
			sourceTree = "<group>";
		};
		13063E1622646A6F000F725E /* Home */ = {
			isa = PBXGroup;
			children = (
				13063E2122646DE5000F725E /* YLHomeViewController.h */,
				13063E2222646DE5000F725E /* YLHomeViewController.m */,
			);
			path = Home;
			sourceTree = "<group>";
		};
		13063E1722646A75000F725E /* Me */ = {
			isa = PBXGroup;
			children = (
				1317EB71231A724C004991A5 /* Model */,
				1317EB70231A7245004991A5 /* View */,
				1317EB6F231A723D004991A5 /* Controller */,
			);
			path = Me;
			sourceTree = "<group>";
		};
		13063E1A22646BEA000F725E /* MainRootVC */ = {
			isa = PBXGroup;
			children = (
				13063E1B22646C37000F725E /* YLMainRootViewController.h */,
				13063E1C22646C37000F725E /* YLMainRootViewController.m */,
			);
			path = MainRootVC;
			sourceTree = "<group>";
		};
		13095116226DD9EA005E5961 /* BaseTableView */ = {
			isa = PBXGroup;
			children = (
				13095117226DD9EA005E5961 /* Cell */,
				1309511A226DD9EA005E5961 /* Model */,
				1309511D226DD9EA005E5961 /* View */,
			);
			path = BaseTableView;
			sourceTree = "<group>";
		};
		13095117226DD9EA005E5961 /* Cell */ = {
			isa = PBXGroup;
			children = (
				13095118226DD9EA005E5961 /* YLBaseCell.h */,
				13095119226DD9EA005E5961 /* YLBaseCell.m */,
			);
			path = Cell;
			sourceTree = "<group>";
		};
		1309511A226DD9EA005E5961 /* Model */ = {
			isa = PBXGroup;
			children = (
				1309511B226DD9EA005E5961 /* YLBaseCellModel.h */,
				1309511C226DD9EA005E5961 /* YLBaseCellModel.m */,
			);
			path = Model;
			sourceTree = "<group>";
		};
		1309511D226DD9EA005E5961 /* View */ = {
			isa = PBXGroup;
			children = (
				13095126226DD9EA005E5961 /* YLBaseTableView.h */,
				13095123226DD9EA005E5961 /* YLBaseTableView.m */,
				13095122226DD9EA005E5961 /* YLRefreshTableView.h */,
				13095124226DD9EA005E5961 /* YLRefreshTableView.m */,
				13095120226DD9EA005E5961 /* UIScrollView+YLBlankPage.h */,
				13095121226DD9EA005E5961 /* UIScrollView+YLBlankPage.m */,
			);
			path = View;
			sourceTree = "<group>";
		};
		1317EB6D231A1C79004991A5 /* Functions */ = {
			isa = PBXGroup;
			children = (
				1317EB6E231A1C90004991A5 /* UploadAvart */,
			);
			path = Functions;
			sourceTree = "<group>";
		};
		1317EB6E231A1C90004991A5 /* UploadAvart */ = {
			isa = PBXGroup;
			children = (
			);
			path = UploadAvart;
			sourceTree = "<group>";
		};
		1317EB6F231A723D004991A5 /* Controller */ = {
			isa = PBXGroup;
			children = (
				13063E1E22646DC9000F725E /* YLMeViewController.h */,
				13063E1F22646DC9000F725E /* YLMeViewController.m */,
			);
			path = Controller;
			sourceTree = "<group>";
		};
		1317EB70231A7245004991A5 /* View */ = {
			isa = PBXGroup;
			children = (
				1317EB75231A735E004991A5 /* YLMeItemCell.h */,
				1317EB76231A735E004991A5 /* YLMeItemCell.m */,
			);
			path = View;
			sourceTree = "<group>";
		};
		1317EB71231A724C004991A5 /* Model */ = {
			isa = PBXGroup;
			children = (
				1317EB72231A727D004991A5 /* YLMeItemModel.h */,
				1317EB73231A727D004991A5 /* YLMeItemModel.m */,
			);
			path = Model;
			sourceTree = "<group>";
		};
		136F6388229E61360089C492 /* Original */ = {
			isa = PBXGroup;
			children = (
			);
			path = Original;
			sourceTree = "<group>";
		};
		138FC4412282AC1800BCFA14 /* Discover */ = {
			isa = PBXGroup;
			children = (
				138FC4462282C0C800BCFA14 /* YLDiscoverViewController.h */,
				138FC4472282C0C800BCFA14 /* YLDiscoverViewController.m */,
			);
			path = Discover;
			sourceTree = "<group>";
		};
		13A84571226587280023F5ED /* Custom */ = {
			isa = PBXGroup;
			children = (
				13FB8059235DA71300026AD2 /* Router */,
				13A84572226587900023F5ED /* MJDIYView */,
			);
			path = Custom;
			sourceTree = "<group>";
		};
		13A84572226587900023F5ED /* MJDIYView */ = {
			isa = PBXGroup;
			children = (
				13A84573226588060023F5ED /* YLDIYRefreshHeader.h */,
				13A84574226588060023F5ED /* YLDIYRefreshHeader.m */,
				13A84576226588360023F5ED /* YLDIYRefreshFooter.h */,
				13A84577226588360023F5ED /* YLDIYRefreshFooter.m */,
			);
			path = MJDIYView;
			sourceTree = "<group>";
		};
		13B6A9F02261C8E7004B76D7 = {
			isa = PBXGroup;
			children = (
				13B6A9FB2261C8E7004B76D7 /* YLProject */,
				13B6A9FA2261C8E7004B76D7 /* Products */,
				32E1654F5DFC196175A1A3DD /* Pods */,
				E52EF06B3FAACE962887FBFE /* Frameworks */,
			);
			sourceTree = "<group>";
		};
		13B6A9FA2261C8E7004B76D7 /* Products */ = {
			isa = PBXGroup;
			children = (
				13B6A9F92261C8E7004B76D7 /* YLProject.app */,
			);
			name = Products;
			sourceTree = "<group>";
		};
		13B6A9FB2261C8E7004B76D7 /* YLProject */ = {
			isa = PBXGroup;
			children = (
				13705D6E2417720200DE2011 /* 小项目.entitlements */,
				13B6AA302261C973004B76D7 /* Base */,
				13B6AA942261EBC7004B76D7 /* Resource */,
				13B6AA932261EBBC004B76D7 /* Vender */,
				13B6AA772261C9BC004B76D7 /* Library */,
				13B6AA4C2261C9B4004B76D7 /* Expand */,
				13B6AA482261C98D004B76D7 /* Modules */,
				13B6A9FC2261C8E7004B76D7 /* AppDelegate.h */,
				13B6A9FD2261C8E7004B76D7 /* AppDelegate.m */,
				13B6A9FF2261C8E7004B76D7 /* ViewController.h */,
				13B6AA002261C8E7004B76D7 /* ViewController.m */,
				13B6AA022261C8E7004B76D7 /* Main.storyboard */,
				13B6AA052261C8EA004B76D7 /* Assets.xcassets */,
				13B6AA072261C8EA004B76D7 /* LaunchScreen.storyboard */,
				13B6AA0A2261C8EA004B76D7 /* Info.plist */,
				13B6AA0B2261C8EA004B76D7 /* main.m */,
			);
			path = YLProject;
			sourceTree = "<group>";
		};
		13B6AA302261C973004B76D7 /* Base */ = {
			isa = PBXGroup;
			children = (
				13063E1A22646BEA000F725E /* MainRootVC */,
				13063E08226425F7000F725E /* BaseTabbarController */,
				13B6AA312261C973004B76D7 /* BaseNavigationController */,
				13B6AA372261C973004B76D7 /* BaseViewController */,
				13B6AA3F2261C973004B76D7 /* BaseRequest */,
				13B6AA342261C973004B76D7 /* BaseView */,
				13B6AA3C2261C973004B76D7 /* BaseModel */,
			);
			path = Base;
			sourceTree = "<group>";
		};
		13B6AA312261C973004B76D7 /* BaseNavigationController */ = {
			isa = PBXGroup;
			children = (
				13063E092264275A000F725E /* YLNavigationControllerProtocol.h */,
				13B6AA332261C973004B76D7 /* YLBaseNavigationController.h */,
				13B6AA322261C973004B76D7 /* YLBaseNavigationController.m */,
			);
			path = BaseNavigationController;
			sourceTree = "<group>";
		};
		13B6AA342261C973004B76D7 /* BaseView */ = {
			isa = PBXGroup;
			children = (
				13095116226DD9EA005E5961 /* BaseTableView */,
				13B6AA352261C973004B76D7 /* YLBaseAlertView.h */,
				13B6AA362261C973004B76D7 /* YLBaseAlertView.m */,
			);
			path = BaseView;
			sourceTree = "<group>";
		};
		13B6AA372261C973004B76D7 /* BaseViewController */ = {
			isa = PBXGroup;
			children = (
				13B6AA3A2261C973004B76D7 /* YLBaseViewController.h */,
				13B6AA382261C973004B76D7 /* YLBaseViewController.m */,
				13B6AA3B2261C973004B76D7 /* YLBaseTableViewController.h */,
				13B6AA392261C973004B76D7 /* YLBaseTableViewController.m */,
				13CC8A792271495C00AE612E /* YLBasePageViewController.h */,
				13CC8A7A2271495C00AE612E /* YLBasePageViewController.m */,
			);
			path = BaseViewController;
			sourceTree = "<group>";
		};
		13B6AA3C2261C973004B76D7 /* BaseModel */ = {
			isa = PBXGroup;
			children = (
				13B6AA3D2261C973004B76D7 /* YLBaseModel.h */,
				13B6AA3E2261C973004B76D7 /* YLBaseModel.m */,
			);
			path = BaseModel;
			sourceTree = "<group>";
		};
		13B6AA3F2261C973004B76D7 /* BaseRequest */ = {
			isa = PBXGroup;
			children = (
				13B6AA412261C973004B76D7 /* YLBaseRequest.h */,
				13B6AA402261C973004B76D7 /* YLBaseRequest.m */,
				13063E0D22642F7D000F725E /* YLNetworkConfig.h */,
				13063E0E22642F7D000F725E /* YLNetworkConfig.m */,
				133BF904227EBB290052AC24 /* YLNetworkEntity.h */,
				133BF905227EBB290052AC24 /* YLNetworkEntity.m */,
			);
			path = BaseRequest;
			sourceTree = "<group>";
		};
		13B6AA482261C98D004B76D7 /* Modules */ = {
			isa = PBXGroup;
			children = (
				1317EB6D231A1C79004991A5 /* Functions */,
				13063E1522646A51000F725E /* Main */,
				13B6AA8C2261CDD5004B76D7 /* GitHooks */,
				13B6AA832261C9EF004B76D7 /* Fastlane */,
			);
			path = Modules;
			sourceTree = "<group>";
		};
		13B6AA4C2261C9B4004B76D7 /* Expand */ = {
			isa = PBXGroup;
			children = (
				13B6AA4D2261C9B4004B76D7 /* Category */,
				13B6AA642261C9B4004B76D7 /* Const */,
				13B6AA692261C9B4004B76D7 /* Macros */,
				13B6AA5B2261C9B4004B76D7 /* Utils */,
			);
			path = Expand;
			sourceTree = "<group>";
		};
		13B6AA4D2261C9B4004B76D7 /* Category */ = {
			isa = PBXGroup;
			children = (
				13B2F8F822681AAE00185915 /* YLCategoryHeaders.h */,
			);
			path = Category;
			sourceTree = "<group>";
		};
		13B6AA5B2261C9B4004B76D7 /* Utils */ = {
			isa = PBXGroup;
			children = (
				13063E13226434A7000F725E /* YLUtilsHeaders.h */,
				13063E1022643372000F725E /* YLAPPInfoTool.h */,
				13063E1122643372000F725E /* YLAPPInfoTool.m */,
				133BF908227EBCE80052AC24 /* YLProgressHUD.h */,
				133BF909227EBCE80052AC24 /* YLProgressHUD.m */,
				13B6AA5E2261C9B4004B76D7 /* YLTimeUtils.h */,
				13B6AA5D2261C9B4004B76D7 /* YLTimeUtils.m */,
				13B6AA5F2261C9B4004B76D7 /* UserDefaults */,
			);
			path = Utils;
			sourceTree = "<group>";
		};
		13B6AA5F2261C9B4004B76D7 /* UserDefaults */ = {
			isa = PBXGroup;
			children = (
				13B6AA612261C9B4004B76D7 /* YLUserDefaults.h */,
				13B6AA632261C9B4004B76D7 /* YLUserDefaults.m */,
				13B6AA602261C9B4004B76D7 /* YLUserDefaults+Properties.h */,
				13B6AA622261C9B4004B76D7 /* YLUserDefaults+Properties.m */,
			);
			path = UserDefaults;
			sourceTree = "<group>";
		};
		13B6AA642261C9B4004B76D7 /* Const */ = {
			isa = PBXGroup;
			children = (
				13063E14226434D9000F725E /* YLConstHeaders.h */,
				138FC43E2282AA8000BCFA14 /* YLConstAPI.h */,
				138FC43F2282AA8000BCFA14 /* YLConstAPI.m */,
				13B6AA662261C9B4004B76D7 /* YLConstCommon.h */,
				13B6AA672261C9B4004B76D7 /* YLConstCommon.m */,
				13B6AA652261C9B4004B76D7 /* YLConstNotification.h */,
				13B6AA682261C9B4004B76D7 /* YLConstNotification.m */,
			);
			path = Const;
			sourceTree = "<group>";
		};
		13B6AA692261C9B4004B76D7 /* Macros */ = {
			isa = PBXGroup;
			children = (
				13B6AA6A2261C9B4004B76D7 /* YLGlobalMacros.h */,
				13B6AA6B2261C9B4004B76D7 /* PrefixHeader.pch */,
				13EC659A2356CD2000960EC6 /* APPInfoMacros.h */,
			);
			path = Macros;
			sourceTree = "<group>";
		};
		13B6AA772261C9BC004B76D7 /* Library */ = {
			isa = PBXGroup;
			children = (
				13E88453230296500082694F /* UMShare */,
				13E8844F23026AA30082694F /* UMSDKManager */,
				13B6AA782261C9BC004B76D7 /* DecimalNumber */,
			);
			path = Library;
			sourceTree = "<group>";
		};
		13B6AA782261C9BC004B76D7 /* DecimalNumber */ = {
			isa = PBXGroup;
			children = (
				13B6AA7C2261C9BC004B76D7 /* KSDecimalNumber.h */,
				13B6AA792261C9BC004B76D7 /* KSDecimalNumber.m */,
				13B6AA7A2261C9BC004B76D7 /* NSDecimalNumber+Addtion.h */,
				13B6AA7B2261C9BC004B76D7 /* NSDecimalNumber+Addtion.m */,
			);
			path = DecimalNumber;
			sourceTree = "<group>";
		};
		13B6AA832261C9EF004B76D7 /* Fastlane */ = {
			isa = PBXGroup;
			children = (
				13B6AA8A2261CA49004B76D7 /* Fastfile.rb */,
				13B6AA842261C9EF004B76D7 /* FastlaneTips.rb */,
			);
			path = Fastlane;
			sourceTree = "<group>";
		};
		13B6AA8C2261CDD5004B76D7 /* GitHooks */ = {
			isa = PBXGroup;
			children = (
				13B6AA8E2261CDE5004B76D7 /* commit-msg.py */,
				13B6AA8F2261CDE6004B76D7 /* post-commit.py */,
				13B6AA8D2261CDE5004B76D7 /* pre-commit.py */,
			);
			path = GitHooks;
			sourceTree = "<group>";
		};
		13B6AA932261EBBC004B76D7 /* Vender */ = {
			isa = PBXGroup;
			children = (
				136F6388229E61360089C492 /* Original */,
				13A84571226587280023F5ED /* Custom */,
			);
			path = Vender;
			sourceTree = "<group>";
		};
		13B6AA942261EBC7004B76D7 /* Resource */ = {
			isa = PBXGroup;
			children = (
			);
			path = Resource;
			sourceTree = "<group>";
		};
		13E8844F23026AA30082694F /* UMSDKManager */ = {
			isa = PBXGroup;
			children = (
				13E8845023026AD90082694F /* YLUMSDKManager.h */,
				13E8845123026AD90082694F /* YLUMSDKManager.m */,
			);
			path = UMSDKManager;
			sourceTree = "<group>";
		};
		13E88453230296500082694F /* UMShare */ = {
			isa = PBXGroup;
			children = (
				13E88455230296E00082694F /* ShareManager */,
				13E88459230298FB0082694F /* Model */,
				13E884542302969D0082694F /* View */,
			);
			path = UMShare;
			sourceTree = "<group>";
		};
		13E884542302969D0082694F /* View */ = {
			isa = PBXGroup;
			children = (
				13E88456230298D70082694F /* YLShareView.h */,
				13E88457230298D70082694F /* YLShareView.m */,
				13E884602302A60E0082694F /* YLShareItemCell.h */,
				13E884612302A60E0082694F /* YLShareItemCell.m */,
			);
			path = View;
			sourceTree = "<group>";
		};
		13E88455230296E00082694F /* ShareManager */ = {
			isa = PBXGroup;
			children = (
				13E8845D230299460082694F /* YLShareManager.h */,
				13E8845E230299460082694F /* YLShareManager.m */,
			);
			path = ShareManager;
			sourceTree = "<group>";
		};
		13E88459230298FB0082694F /* Model */ = {
			isa = PBXGroup;
			children = (
				13E8845A230299270082694F /* YLShareItemModel.h */,
				13E8845B230299270082694F /* YLShareItemModel.m */,
			);
			path = Model;
			sourceTree = "<group>";
		};
		13FB8059235DA71300026AD2 /* Router */ = {
			isa = PBXGroup;
			children = (
				13FB805A235DA7D700026AD2 /* YLRoutes.h */,
				13FB805B235DA7D700026AD2 /* YLRoutes.m */,
			);
			path = Router;
			sourceTree = "<group>";
		};
		32E1654F5DFC196175A1A3DD /* Pods */ = {
			isa = PBXGroup;
			children = (
				68A8D13C79DD89C51B69F737 /* Pods-YLProject.debug.xcconfig */,
				BFF832DC22E3F7961799F90A /* Pods-YLProject.release.xcconfig */,
				ADAEB83A1C30751882E633A1 /* Pods-YLProject.test.xcconfig */,
				921B168F7F8E7D2A69933795 /* Pods-YLProject.pre.xcconfig */,
			);
			name = Pods;
			sourceTree = "<group>";
		};
		E52EF06B3FAACE962887FBFE /* Frameworks */ = {
			isa = PBXGroup;
			children = (
				E67655B061F35E9A005F8E68 /* libPods-YLProject.a */,
				D9EC71A86B4E4E44D0CFBD82 /* libPods-YLProjectTests.a */,
				73A0FF6A0DA695ACF616EBE2 /* libPods-YLProjectUITests.a */,
			);
			name = Frameworks;
			sourceTree = "<group>";
		};
/* End PBXGroup section */

/* Begin PBXNativeTarget section */
		13B6A9F82261C8E7004B76D7 /* YLProject */ = {
			isa = PBXNativeTarget;
			buildConfigurationList = 13B6AA252261C8EB004B76D7 /* Build configuration list for PBXNativeTarget "YLProject" */;
			buildPhases = (
				7CF7E4CE5BFDB3788BACE7B1 /* [CP] Check Pods Manifest.lock */,
				13B6A9F52261C8E7004B76D7 /* Sources */,
				13B6A9F62261C8E7004B76D7 /* Frameworks */,
				13B6A9F72261C8E7004B76D7 /* Resources */,
				6614214251156D4074270F87 /* [CP] Embed Pods Frameworks */,
				F7F6A29E617BF1C3166EEFA1 /* [CP] Copy Pods Resources */,
			);
			buildRules = (
			);
			dependencies = (
			);
			name = YLProject;
			productName = YLProject;
			productReference = 13B6A9F92261C8E7004B76D7 /* YLProject.app */;
			productType = "com.apple.product-type.application";
		};
/* End PBXNativeTarget section */

/* Begin PBXProject section */
		13B6A9F12261C8E7004B76D7 /* Project object */ = {
			isa = PBXProject;
			attributes = {
				CLASSPREFIX = YL;
				LastUpgradeCheck = 1010;
				ORGANIZATIONNAME = Conner;
				TargetAttributes = {
					13B6A9F82261C8E7004B76D7 = {
						CreatedOnToolsVersion = 10.1;
					};
				};
			};
			buildConfigurationList = 13B6A9F42261C8E7004B76D7 /* Build configuration list for PBXProject "YLProject" */;
			compatibilityVersion = "Xcode 9.3";
			developmentRegion = en;
			hasScannedForEncodings = 0;
			knownRegions = (
				en,
				Base,
			);
			mainGroup = 13B6A9F02261C8E7004B76D7;
			productRefGroup = 13B6A9FA2261C8E7004B76D7 /* Products */;
			projectDirPath = "";
			projectRoot = "";
			targets = (
				13B6A9F82261C8E7004B76D7 /* YLProject */,
			);
		};
/* End PBXProject section */

/* Begin PBXResourcesBuildPhase section */
		13B6A9F72261C8E7004B76D7 /* Resources */ = {
			isa = PBXResourcesBuildPhase;
			buildActionMask = 2147483647;
			files = (
				13B6AA902261CDE6004B76D7 /* pre-commit.py in Resources */,
				13B6AA092261C8EA004B76D7 /* LaunchScreen.storyboard in Resources */,
				13B6AA062261C8EA004B76D7 /* Assets.xcassets in Resources */,
				13B6AA8B2261CA49004B76D7 /* Fastfile.rb in Resources */,
				13B6AA872261C9F0004B76D7 /* FastlaneTips.rb in Resources */,
				13B6AA042261C8E7004B76D7 /* Main.storyboard in Resources */,
				13B6AA922261CDE6004B76D7 /* post-commit.py in Resources */,
				13B6AA912261CDE6004B76D7 /* commit-msg.py in Resources */,
			);
			runOnlyForDeploymentPostprocessing = 0;
		};
/* End PBXResourcesBuildPhase section */

/* Begin PBXShellScriptBuildPhase section */
		6614214251156D4074270F87 /* [CP] Embed Pods Frameworks */ = {
			isa = PBXShellScriptBuildPhase;
			buildActionMask = 2147483647;
			files = (
			);
			inputFileListPaths = (
				"${PODS_ROOT}/Target Support Files/Pods-YLProject/Pods-YLProject-frameworks-${CONFIGURATION}-input-files.xcfilelist",
			);
			name = "[CP] Embed Pods Frameworks";
			outputFileListPaths = (
				"${PODS_ROOT}/Target Support Files/Pods-YLProject/Pods-YLProject-frameworks-${CONFIGURATION}-output-files.xcfilelist",
			);
			runOnlyForDeploymentPostprocessing = 0;
			shellPath = /bin/sh;
			shellScript = "\"${PODS_ROOT}/Target Support Files/Pods-YLProject/Pods-YLProject-frameworks.sh\"\n";
			showEnvVarsInLog = 0;
		};
		7CF7E4CE5BFDB3788BACE7B1 /* [CP] Check Pods Manifest.lock */ = {
			isa = PBXShellScriptBuildPhase;
			buildActionMask = 2147483647;
			files = (
			);
			inputFileListPaths = (
			);
			inputPaths = (
				"${PODS_PODFILE_DIR_PATH}/Podfile.lock",
				"${PODS_ROOT}/Manifest.lock",
			);
			name = "[CP] Check Pods Manifest.lock";
			outputFileListPaths = (
			);
			outputPaths = (
				"$(DERIVED_FILE_DIR)/Pods-YLProject-checkManifestLockResult.txt",
			);
			runOnlyForDeploymentPostprocessing = 0;
			shellPath = /bin/sh;
			shellScript = "diff \"${PODS_PODFILE_DIR_PATH}/Podfile.lock\" \"${PODS_ROOT}/Manifest.lock\" > /dev/null\nif [ $? != 0 ] ; then\n    # print error to STDERR\n    echo \"error: The sandbox is not in sync with the Podfile.lock. Run 'pod install' or update your CocoaPods installation.\" >&2\n    exit 1\nfi\n# This output is used by Xcode 'outputs' to avoid re-running this script phase.\necho \"SUCCESS\" > \"${SCRIPT_OUTPUT_FILE_0}\"\n";
			showEnvVarsInLog = 0;
		};
		F7F6A29E617BF1C3166EEFA1 /* [CP] Copy Pods Resources */ = {
			isa = PBXShellScriptBuildPhase;
			buildActionMask = 2147483647;
			files = (
			);
			inputFileListPaths = (
				"${PODS_ROOT}/Target Support Files/Pods-YLProject/Pods-YLProject-resources-${CONFIGURATION}-input-files.xcfilelist",
			);
			name = "[CP] Copy Pods Resources";
			outputFileListPaths = (
				"${PODS_ROOT}/Target Support Files/Pods-YLProject/Pods-YLProject-resources-${CONFIGURATION}-output-files.xcfilelist",
			);
			runOnlyForDeploymentPostprocessing = 0;
			shellPath = /bin/sh;
			shellScript = "\"${PODS_ROOT}/Target Support Files/Pods-YLProject/Pods-YLProject-resources.sh\"\n";
			showEnvVarsInLog = 0;
		};
/* End PBXShellScriptBuildPhase section */

/* Begin PBXSourcesBuildPhase section */
		13B6A9F52261C8E7004B76D7 /* Sources */ = {
			isa = PBXSourcesBuildPhase;
			buildActionMask = 2147483647;
			files = (
				13063E0C22642E11000F725E /* YLMainTabBarController.m in Sources */,
				13095128226DD9EA005E5961 /* YLBaseCellModel.m in Sources */,
				13B6AA802261C9BC004B76D7 /* KSDecimalNumber.m in Sources */,
				1317EB77231A735E004991A5 /* YLMeItemCell.m in Sources */,
				13CC8A7B2271495C00AE612E /* YLBasePageViewController.m in Sources */,
				13B6AA442261C973004B76D7 /* YLBaseViewController.m in Sources */,
				133BF906227EBB290052AC24 /* YLNetworkEntity.m in Sources */,
				13B6AA462261C973004B76D7 /* YLBaseModel.m in Sources */,
				133BF90A227EBCE80052AC24 /* YLProgressHUD.m in Sources */,
				13B6AA812261C9BC004B76D7 /* NSDecimalNumber+Addtion.m in Sources */,
				13063E2022646DC9000F725E /* YLMeViewController.m in Sources */,
				1317EB6B231A1918004991A5 /* YLMainTabBarConfig.m in Sources */,
				13B6AA752261C9B4004B76D7 /* YLConstCommon.m in Sources */,
				13B6AA432261C973004B76D7 /* YLBaseAlertView.m in Sources */,
				13B6AA452261C973004B76D7 /* YLBaseTableViewController.m in Sources */,
				13E8845F230299460082694F /* YLShareManager.m in Sources */,
				13B6AA012261C8E7004B76D7 /* ViewController.m in Sources */,
				13E8845223026AD90082694F /* YLUMSDKManager.m in Sources */,
				13B6AA0C2261C8EA004B76D7 /* main.m in Sources */,
				13063E0F22642F7D000F725E /* YLNetworkConfig.m in Sources */,
				13B6A9FE2261C8E7004B76D7 /* AppDelegate.m in Sources */,
				13A84575226588060023F5ED /* YLDIYRefreshHeader.m in Sources */,
				13FB805C235DA7D700026AD2 /* YLRoutes.m in Sources */,
				13095127226DD9EA005E5961 /* YLBaseCell.m in Sources */,
				138FC4482282C0C800BCFA14 /* YLDiscoverViewController.m in Sources */,
				13B6AA762261C9B4004B76D7 /* YLConstNotification.m in Sources */,
				1309512B226DD9EA005E5961 /* YLRefreshTableView.m in Sources */,
				13063E1D22646C37000F725E /* YLMainRootViewController.m in Sources */,
				13063E2322646DE5000F725E /* YLHomeViewController.m in Sources */,
				1317EB74231A727D004991A5 /* YLMeItemModel.m in Sources */,
				13E884622302A60E0082694F /* YLShareItemCell.m in Sources */,
				13B6AA732261C9B4004B76D7 /* YLUserDefaults+Properties.m in Sources */,
				138FC4402282AA8000BCFA14 /* YLConstAPI.m in Sources */,
				13A84578226588360023F5ED /* YLDIYRefreshFooter.m in Sources */,
				13B6AA472261C973004B76D7 /* YLBaseRequest.m in Sources */,
				13B6AA722261C9B4004B76D7 /* YLTimeUtils.m in Sources */,
				13B6AA422261C973004B76D7 /* YLBaseNavigationController.m in Sources */,
				13063E1222643372000F725E /* YLAPPInfoTool.m in Sources */,
				13095129226DD9EA005E5961 /* UIScrollView+YLBlankPage.m in Sources */,
				1309512A226DD9EA005E5961 /* YLBaseTableView.m in Sources */,
				13E8845C230299270082694F /* YLShareItemModel.m in Sources */,
				13B6AA742261C9B4004B76D7 /* YLUserDefaults.m in Sources */,
				13E88458230298D70082694F /* YLShareView.m in Sources */,
			);
			runOnlyForDeploymentPostprocessing = 0;
		};
/* End PBXSourcesBuildPhase section */

/* Begin PBXVariantGroup section */
		13B6AA022261C8E7004B76D7 /* Main.storyboard */ = {
			isa = PBXVariantGroup;
			children = (
				13B6AA032261C8E7004B76D7 /* Base */,
			);
			name = Main.storyboard;
			sourceTree = "<group>";
		};
		13B6AA072261C8EA004B76D7 /* LaunchScreen.storyboard */ = {
			isa = PBXVariantGroup;
			children = (
				13B6AA082261C8EA004B76D7 /* Base */,
			);
			name = LaunchScreen.storyboard;
			sourceTree = "<group>";
		};
/* End PBXVariantGroup section */

/* Begin XCBuildConfiguration section */
		132E7A6822703F0800A20EFA /* Test */ = {
			isa = XCBuildConfiguration;
			buildSettings = {
				ALWAYS_SEARCH_USER_PATHS = NO;
				CLANG_ANALYZER_NONNULL = YES;
				CLANG_ANALYZER_NUMBER_OBJECT_CONVERSION = YES_AGGRESSIVE;
				CLANG_CXX_LANGUAGE_STANDARD = "gnu++14";
				CLANG_CXX_LIBRARY = "libc++";
				CLANG_ENABLE_MODULES = YES;
				CLANG_ENABLE_OBJC_ARC = YES;
				CLANG_ENABLE_OBJC_WEAK = YES;
				CLANG_WARN_BLOCK_CAPTURE_AUTORELEASING = YES;
				CLANG_WARN_BOOL_CONVERSION = YES;
				CLANG_WARN_COMMA = YES;
				CLANG_WARN_CONSTANT_CONVERSION = YES;
				CLANG_WARN_DEPRECATED_OBJC_IMPLEMENTATIONS = YES;
				CLANG_WARN_DIRECT_OBJC_ISA_USAGE = YES_ERROR;
				CLANG_WARN_DOCUMENTATION_COMMENTS = YES;
				CLANG_WARN_EMPTY_BODY = YES;
				CLANG_WARN_ENUM_CONVERSION = YES;
				CLANG_WARN_INFINITE_RECURSION = YES;
				CLANG_WARN_INT_CONVERSION = YES;
				CLANG_WARN_NON_LITERAL_NULL_CONVERSION = YES;
				CLANG_WARN_OBJC_IMPLICIT_RETAIN_SELF = YES;
				CLANG_WARN_OBJC_LITERAL_CONVERSION = YES;
				CLANG_WARN_OBJC_ROOT_CLASS = YES_ERROR;
				CLANG_WARN_RANGE_LOOP_ANALYSIS = YES;
				CLANG_WARN_STRICT_PROTOTYPES = YES;
				CLANG_WARN_SUSPICIOUS_MOVE = YES;
				CLANG_WARN_UNGUARDED_AVAILABILITY = YES_AGGRESSIVE;
				CLANG_WARN_UNREACHABLE_CODE = YES;
				CLANG_WARN__DUPLICATE_METHOD_MATCH = YES;
				CODE_SIGN_IDENTITY = "iPhone Developer";
				COPY_PHASE_STRIP = NO;
				DEBUG_INFORMATION_FORMAT = dwarf;
				ENABLE_STRICT_OBJC_MSGSEND = YES;
				ENABLE_TESTABILITY = YES;
				GCC_C_LANGUAGE_STANDARD = gnu11;
				GCC_DYNAMIC_NO_PIC = NO;
				GCC_INCREASE_PRECOMPILED_HEADER_SHARING = NO;
				GCC_NO_COMMON_BLOCKS = YES;
				GCC_OPTIMIZATION_LEVEL = 0;
				GCC_PREPROCESSOR_DEFINITIONS = (
					"TEST=1",
					"$(inherited)",
				);
				GCC_WARN_64_TO_32_BIT_CONVERSION = YES;
				GCC_WARN_ABOUT_RETURN_TYPE = YES_ERROR;
				GCC_WARN_UNDECLARED_SELECTOR = YES;
				GCC_WARN_UNINITIALIZED_AUTOS = YES_AGGRESSIVE;
				GCC_WARN_UNUSED_FUNCTION = YES;
				GCC_WARN_UNUSED_VARIABLE = YES;
				IPHONEOS_DEPLOYMENT_TARGET = 9.0;
				MTL_ENABLE_DEBUG_INFO = INCLUDE_SOURCE;
				MTL_FAST_MATH = YES;
				ONLY_ACTIVE_ARCH = YES;
				SDKROOT = iphoneos;
			};
			name = Test;
		};
		132E7A6922703F0800A20EFA /* Test */ = {
			isa = XCBuildConfiguration;
			baseConfigurationReference = ADAEB83A1C30751882E633A1 /* Pods-YLProject.test.xcconfig */;
			buildSettings = {
				ASSETCATALOG_COMPILER_APPICON_NAME = AppIcon;
				CODE_SIGN_ENTITLEMENTS = "YLProject/小项目.entitlements";
				CODE_SIGN_STYLE = Automatic;
				DEVELOPMENT_TEAM = 49ENPVW3M9;
				ENABLE_BITCODE = NO;
				GCC_PRECOMPILE_PREFIX_HEADER = YES;
				GCC_PREFIX_HEADER = "$(SRCROOT)/YLProject/Expand/Macros/PrefixHeader.pch";
				GCC_PREPROCESSOR_DEFINITIONS = (
					"$(inherited)",
					"COCOAPODS=1",
				);
				INFOPLIST_FILE = YLProject/Info.plist;
				LD_RUNPATH_SEARCH_PATHS = (
					"$(inherited)",
					"@executable_path/Frameworks",
				);
				PRODUCT_BUNDLE_IDENTIFIER = com.conner.project;
				PRODUCT_NAME = "小项目";
				TARGETED_DEVICE_FAMILY = 1;
			};
			name = Test;
		};
		132E7A6C22703F0F00A20EFA /* Pre */ = {
			isa = XCBuildConfiguration;
			buildSettings = {
				ALWAYS_SEARCH_USER_PATHS = NO;
				CLANG_ANALYZER_NONNULL = YES;
				CLANG_ANALYZER_NUMBER_OBJECT_CONVERSION = YES_AGGRESSIVE;
				CLANG_CXX_LANGUAGE_STANDARD = "gnu++14";
				CLANG_CXX_LIBRARY = "libc++";
				CLANG_ENABLE_MODULES = YES;
				CLANG_ENABLE_OBJC_ARC = YES;
				CLANG_ENABLE_OBJC_WEAK = YES;
				CLANG_WARN_BLOCK_CAPTURE_AUTORELEASING = YES;
				CLANG_WARN_BOOL_CONVERSION = YES;
				CLANG_WARN_COMMA = YES;
				CLANG_WARN_CONSTANT_CONVERSION = YES;
				CLANG_WARN_DEPRECATED_OBJC_IMPLEMENTATIONS = YES;
				CLANG_WARN_DIRECT_OBJC_ISA_USAGE = YES_ERROR;
				CLANG_WARN_DOCUMENTATION_COMMENTS = YES;
				CLANG_WARN_EMPTY_BODY = YES;
				CLANG_WARN_ENUM_CONVERSION = YES;
				CLANG_WARN_INFINITE_RECURSION = YES;
				CLANG_WARN_INT_CONVERSION = YES;
				CLANG_WARN_NON_LITERAL_NULL_CONVERSION = YES;
				CLANG_WARN_OBJC_IMPLICIT_RETAIN_SELF = YES;
				CLANG_WARN_OBJC_LITERAL_CONVERSION = YES;
				CLANG_WARN_OBJC_ROOT_CLASS = YES_ERROR;
				CLANG_WARN_RANGE_LOOP_ANALYSIS = YES;
				CLANG_WARN_STRICT_PROTOTYPES = YES;
				CLANG_WARN_SUSPICIOUS_MOVE = YES;
				CLANG_WARN_UNGUARDED_AVAILABILITY = YES_AGGRESSIVE;
				CLANG_WARN_UNREACHABLE_CODE = YES;
				CLANG_WARN__DUPLICATE_METHOD_MATCH = YES;
				CODE_SIGN_IDENTITY = "iPhone Developer";
				COPY_PHASE_STRIP = NO;
				DEBUG_INFORMATION_FORMAT = "dwarf-with-dsym";
				ENABLE_NS_ASSERTIONS = NO;
				ENABLE_STRICT_OBJC_MSGSEND = YES;
				GCC_C_LANGUAGE_STANDARD = gnu11;
				GCC_INCREASE_PRECOMPILED_HEADER_SHARING = NO;
				GCC_NO_COMMON_BLOCKS = YES;
				GCC_PREPROCESSOR_DEFINITIONS = "PRE=1";
				GCC_WARN_64_TO_32_BIT_CONVERSION = YES;
				GCC_WARN_ABOUT_RETURN_TYPE = YES_ERROR;
				GCC_WARN_UNDECLARED_SELECTOR = YES;
				GCC_WARN_UNINITIALIZED_AUTOS = YES_AGGRESSIVE;
				GCC_WARN_UNUSED_FUNCTION = YES;
				GCC_WARN_UNUSED_VARIABLE = YES;
				IPHONEOS_DEPLOYMENT_TARGET = 9.0;
				MTL_ENABLE_DEBUG_INFO = NO;
				MTL_FAST_MATH = YES;
				SDKROOT = iphoneos;
				VALIDATE_PRODUCT = YES;
			};
			name = Pre;
		};
		132E7A6D22703F0F00A20EFA /* Pre */ = {
			isa = XCBuildConfiguration;
			baseConfigurationReference = 921B168F7F8E7D2A69933795 /* Pods-YLProject.pre.xcconfig */;
			buildSettings = {
				ASSETCATALOG_COMPILER_APPICON_NAME = AppIcon;
				CODE_SIGN_ENTITLEMENTS = "YLProject/小项目.entitlements";
				CODE_SIGN_STYLE = Automatic;
				DEVELOPMENT_TEAM = 49ENPVW3M9;
				ENABLE_BITCODE = NO;
				GCC_PRECOMPILE_PREFIX_HEADER = YES;
				GCC_PREFIX_HEADER = "$(SRCROOT)/YLProject/Expand/Macros/PrefixHeader.pch";
				GCC_PREPROCESSOR_DEFINITIONS = (
					"$(inherited)",
					"COCOAPODS=1",
				);
				INFOPLIST_FILE = YLProject/Info.plist;
				LD_RUNPATH_SEARCH_PATHS = (
					"$(inherited)",
					"@executable_path/Frameworks",
				);
				PRODUCT_BUNDLE_IDENTIFIER = com.conner.project;
				PRODUCT_NAME = "小项目";
				TARGETED_DEVICE_FAMILY = 1;
			};
			name = Pre;
		};
		13B6AA232261C8EB004B76D7 /* Debug */ = {
			isa = XCBuildConfiguration;
			buildSettings = {
				ALWAYS_SEARCH_USER_PATHS = NO;
				CLANG_ANALYZER_NONNULL = YES;
				CLANG_ANALYZER_NUMBER_OBJECT_CONVERSION = YES_AGGRESSIVE;
				CLANG_CXX_LANGUAGE_STANDARD = "gnu++14";
				CLANG_CXX_LIBRARY = "libc++";
				CLANG_ENABLE_MODULES = YES;
				CLANG_ENABLE_OBJC_ARC = YES;
				CLANG_ENABLE_OBJC_WEAK = YES;
				CLANG_WARN_BLOCK_CAPTURE_AUTORELEASING = YES;
				CLANG_WARN_BOOL_CONVERSION = YES;
				CLANG_WARN_COMMA = YES;
				CLANG_WARN_CONSTANT_CONVERSION = YES;
				CLANG_WARN_DEPRECATED_OBJC_IMPLEMENTATIONS = YES;
				CLANG_WARN_DIRECT_OBJC_ISA_USAGE = YES_ERROR;
				CLANG_WARN_DOCUMENTATION_COMMENTS = YES;
				CLANG_WARN_EMPTY_BODY = YES;
				CLANG_WARN_ENUM_CONVERSION = YES;
				CLANG_WARN_INFINITE_RECURSION = YES;
				CLANG_WARN_INT_CONVERSION = YES;
				CLANG_WARN_NON_LITERAL_NULL_CONVERSION = YES;
				CLANG_WARN_OBJC_IMPLICIT_RETAIN_SELF = YES;
				CLANG_WARN_OBJC_LITERAL_CONVERSION = YES;
				CLANG_WARN_OBJC_ROOT_CLASS = YES_ERROR;
				CLANG_WARN_RANGE_LOOP_ANALYSIS = YES;
				CLANG_WARN_STRICT_PROTOTYPES = YES;
				CLANG_WARN_SUSPICIOUS_MOVE = YES;
				CLANG_WARN_UNGUARDED_AVAILABILITY = YES_AGGRESSIVE;
				CLANG_WARN_UNREACHABLE_CODE = YES;
				CLANG_WARN__DUPLICATE_METHOD_MATCH = YES;
				CODE_SIGN_IDENTITY = "iPhone Developer";
				COPY_PHASE_STRIP = NO;
				DEBUG_INFORMATION_FORMAT = dwarf;
				ENABLE_STRICT_OBJC_MSGSEND = YES;
				ENABLE_TESTABILITY = YES;
				GCC_C_LANGUAGE_STANDARD = gnu11;
				GCC_DYNAMIC_NO_PIC = NO;
				GCC_INCREASE_PRECOMPILED_HEADER_SHARING = NO;
				GCC_NO_COMMON_BLOCKS = YES;
				GCC_OPTIMIZATION_LEVEL = 0;
				GCC_PREPROCESSOR_DEFINITIONS = (
					"DEBUG=1",
					"$(inherited)",
				);
				GCC_WARN_64_TO_32_BIT_CONVERSION = YES;
				GCC_WARN_ABOUT_RETURN_TYPE = YES_ERROR;
				GCC_WARN_UNDECLARED_SELECTOR = YES;
				GCC_WARN_UNINITIALIZED_AUTOS = YES_AGGRESSIVE;
				GCC_WARN_UNUSED_FUNCTION = YES;
				GCC_WARN_UNUSED_VARIABLE = YES;
				IPHONEOS_DEPLOYMENT_TARGET = 9.0;
				MTL_ENABLE_DEBUG_INFO = INCLUDE_SOURCE;
				MTL_FAST_MATH = YES;
				ONLY_ACTIVE_ARCH = YES;
				SDKROOT = iphoneos;
			};
			name = Debug;
		};
		13B6AA242261C8EB004B76D7 /* Release */ = {
			isa = XCBuildConfiguration;
			buildSettings = {
				ALWAYS_SEARCH_USER_PATHS = NO;
				CLANG_ANALYZER_NONNULL = YES;
				CLANG_ANALYZER_NUMBER_OBJECT_CONVERSION = YES_AGGRESSIVE;
				CLANG_CXX_LANGUAGE_STANDARD = "gnu++14";
				CLANG_CXX_LIBRARY = "libc++";
				CLANG_ENABLE_MODULES = YES;
				CLANG_ENABLE_OBJC_ARC = YES;
				CLANG_ENABLE_OBJC_WEAK = YES;
				CLANG_WARN_BLOCK_CAPTURE_AUTORELEASING = YES;
				CLANG_WARN_BOOL_CONVERSION = YES;
				CLANG_WARN_COMMA = YES;
				CLANG_WARN_CONSTANT_CONVERSION = YES;
				CLANG_WARN_DEPRECATED_OBJC_IMPLEMENTATIONS = YES;
				CLANG_WARN_DIRECT_OBJC_ISA_USAGE = YES_ERROR;
				CLANG_WARN_DOCUMENTATION_COMMENTS = YES;
				CLANG_WARN_EMPTY_BODY = YES;
				CLANG_WARN_ENUM_CONVERSION = YES;
				CLANG_WARN_INFINITE_RECURSION = YES;
				CLANG_WARN_INT_CONVERSION = YES;
				CLANG_WARN_NON_LITERAL_NULL_CONVERSION = YES;
				CLANG_WARN_OBJC_IMPLICIT_RETAIN_SELF = YES;
				CLANG_WARN_OBJC_LITERAL_CONVERSION = YES;
				CLANG_WARN_OBJC_ROOT_CLASS = YES_ERROR;
				CLANG_WARN_RANGE_LOOP_ANALYSIS = YES;
				CLANG_WARN_STRICT_PROTOTYPES = YES;
				CLANG_WARN_SUSPICIOUS_MOVE = YES;
				CLANG_WARN_UNGUARDED_AVAILABILITY = YES_AGGRESSIVE;
				CLANG_WARN_UNREACHABLE_CODE = YES;
				CLANG_WARN__DUPLICATE_METHOD_MATCH = YES;
				CODE_SIGN_IDENTITY = "iPhone Developer";
				COPY_PHASE_STRIP = NO;
				DEBUG_INFORMATION_FORMAT = "dwarf-with-dsym";
				ENABLE_NS_ASSERTIONS = NO;
				ENABLE_STRICT_OBJC_MSGSEND = YES;
				GCC_C_LANGUAGE_STANDARD = gnu11;
				GCC_INCREASE_PRECOMPILED_HEADER_SHARING = NO;
				GCC_NO_COMMON_BLOCKS = YES;
				GCC_WARN_64_TO_32_BIT_CONVERSION = YES;
				GCC_WARN_ABOUT_RETURN_TYPE = YES_ERROR;
				GCC_WARN_UNDECLARED_SELECTOR = YES;
				GCC_WARN_UNINITIALIZED_AUTOS = YES_AGGRESSIVE;
				GCC_WARN_UNUSED_FUNCTION = YES;
				GCC_WARN_UNUSED_VARIABLE = YES;
				IPHONEOS_DEPLOYMENT_TARGET = 9.0;
				MTL_ENABLE_DEBUG_INFO = NO;
				MTL_FAST_MATH = YES;
				SDKROOT = iphoneos;
				VALIDATE_PRODUCT = YES;
			};
			name = Release;
		};
		13B6AA262261C8EB004B76D7 /* Debug */ = {
			isa = XCBuildConfiguration;
			baseConfigurationReference = 68A8D13C79DD89C51B69F737 /* Pods-YLProject.debug.xcconfig */;
			buildSettings = {
				ASSETCATALOG_COMPILER_APPICON_NAME = AppIcon;
				CODE_SIGN_ENTITLEMENTS = "YLProject/小项目.entitlements";
				CODE_SIGN_STYLE = Automatic;
				DEVELOPMENT_TEAM = 49ENPVW3M9;
				ENABLE_BITCODE = NO;
				GCC_PRECOMPILE_PREFIX_HEADER = YES;
				GCC_PREFIX_HEADER = "$(SRCROOT)/YLProject/Expand/Macros/PrefixHeader.pch";
				GCC_PREPROCESSOR_DEFINITIONS = (
					"$(inherited)",
					"COCOAPODS=1",
				);
				INFOPLIST_FILE = YLProject/Info.plist;
				LD_RUNPATH_SEARCH_PATHS = (
					"$(inherited)",
					"@executable_path/Frameworks",
				);
				PRODUCT_BUNDLE_IDENTIFIER = com.conner.project;
				PRODUCT_NAME = "小项目";
				TARGETED_DEVICE_FAMILY = 1;
			};
			name = Debug;
		};
		13B6AA272261C8EB004B76D7 /* Release */ = {
			isa = XCBuildConfiguration;
			baseConfigurationReference = BFF832DC22E3F7961799F90A /* Pods-YLProject.release.xcconfig */;
			buildSettings = {
				ASSETCATALOG_COMPILER_APPICON_NAME = AppIcon;
				CODE_SIGN_ENTITLEMENTS = "YLProject/小项目.entitlements";
				CODE_SIGN_STYLE = Automatic;
				DEVELOPMENT_TEAM = 49ENPVW3M9;
				ENABLE_BITCODE = NO;
				GCC_PRECOMPILE_PREFIX_HEADER = YES;
				GCC_PREFIX_HEADER = "$(SRCROOT)/YLProject/Expand/Macros/PrefixHeader.pch";
				GCC_PREPROCESSOR_DEFINITIONS = (
					"$(inherited)",
					"COCOAPODS=1",
				);
				INFOPLIST_FILE = YLProject/Info.plist;
				LD_RUNPATH_SEARCH_PATHS = (
					"$(inherited)",
					"@executable_path/Frameworks",
				);
				PRODUCT_BUNDLE_IDENTIFIER = com.conner.project;
				PRODUCT_NAME = "小项目";
				TARGETED_DEVICE_FAMILY = 1;
			};
			name = Release;
		};
/* End XCBuildConfiguration section */

/* Begin XCConfigurationList section */
		13B6A9F42261C8E7004B76D7 /* Build configuration list for PBXProject "YLProject" */ = {
			isa = XCConfigurationList;
			buildConfigurations = (
				13B6AA232261C8EB004B76D7 /* Debug */,
				132E7A6822703F0800A20EFA /* Test */,
				13B6AA242261C8EB004B76D7 /* Release */,
				132E7A6C22703F0F00A20EFA /* Pre */,
			);
			defaultConfigurationIsVisible = 0;
			defaultConfigurationName = Release;
		};
		13B6AA252261C8EB004B76D7 /* Build configuration list for PBXNativeTarget "YLProject" */ = {
			isa = XCConfigurationList;
			buildConfigurations = (
				13B6AA262261C8EB004B76D7 /* Debug */,
				132E7A6922703F0800A20EFA /* Test */,
				13B6AA272261C8EB004B76D7 /* Release */,
				132E7A6D22703F0F00A20EFA /* Pre */,
			);
			defaultConfigurationIsVisible = 0;
			defaultConfigurationName = Release;
		};
/* End XCConfigurationList section */
	};
	rootObject = 13B6A9F12261C8E7004B76D7 /* Project object */;
}
